// !$*UTF8*$!
{
	archiveVersion = 1;
	classes = {
	};
	objectVersion = 56;
	objects = {

/* Begin PBXBuildFile section */
		BEBC6E8B2927FC6C004E25A0 /* CatObjC.h in Headers */ = {isa = PBXBuildFile; fileRef = BEBC6E8A2927FC6C004E25A0 /* CatObjC.h */; settings = {ATTRIBUTES = (Public, ); }; };
		BEBC6E972927FC85004E25A0 /* TestingInteroperability.h in Headers */ = {isa = PBXBuildFile; fileRef = BEBC6E962927FC85004E25A0 /* TestingInteroperability.h */; settings = {ATTRIBUTES = (Public, ); }; };
		BEBC6E9C2927FCCD004E25A0 /* Dog.swift in Sources */ = {isa = PBXBuildFile; fileRef = BEBC6E9B2927FCCD004E25A0 /* Dog.swift */; };
		BEBC6EBE2927FE11004E25A0 /* Cat.m in Sources */ = {isa = PBXBuildFile; fileRef = BEBC6EBD2927FE11004E25A0 /* Cat.m */; };
		BEBC6EC02927FF13004E25A0 /* Cat.h in Headers */ = {isa = PBXBuildFile; fileRef = BEBC6EBF2927FF13004E25A0 /* Cat.h */; settings = {ATTRIBUTES = (Public, ); }; };
		BEBC6EC22927FF5B004E25A0 /* DogSwift.framework in Frameworks */ = {isa = PBXBuildFile; fileRef = BEBC6E7C2927FC55004E25A0 /* DogSwift.framework */; };
		BEBC6EC32927FF5B004E25A0 /* DogSwift.framework in Embed Frameworks */ = {isa = PBXBuildFile; fileRef = BEBC6E7C2927FC55004E25A0 /* DogSwift.framework */; settings = {ATTRIBUTES = (CodeSignOnCopy, RemoveHeadersOnCopy, ); }; };
		BEBC6EC72927FF64004E25A0 /* CatObjC.framework in Frameworks */ = {isa = PBXBuildFile; fileRef = BEBC6E882927FC6C004E25A0 /* CatObjC.framework */; };
		BEBC6EC82927FF64004E25A0 /* CatObjC.framework in Embed Frameworks */ = {isa = PBXBuildFile; fileRef = BEBC6E882927FC6C004E25A0 /* CatObjC.framework */; settings = {ATTRIBUTES = (CodeSignOnCopy, RemoveHeadersOnCopy, ); }; };
		BEBC6ECD292800C2004E25A0 /* House.swift in Sources */ = {isa = PBXBuildFile; fileRef = BEBC6ECC292800C2004E25A0 /* House.swift */; };
		BEBC6ED3292825D7004E25A0 /* Pugsley.h in Headers */ = {isa = PBXBuildFile; fileRef = BEBC6ED1292825D7004E25A0 /* Pugsley.h */; settings = {ATTRIBUTES = (Public, ); }; };
		BEBC6ED4292825D7004E25A0 /* Pugsley.m in Sources */ = {isa = PBXBuildFile; fileRef = BEBC6ED2292825D7004E25A0 /* Pugsley.m */; };
/* End PBXBuildFile section */

/* Begin PBXContainerItemProxy section */
		BEBC6EC42927FF5B004E25A0 /* PBXContainerItemProxy */ = {
			isa = PBXContainerItemProxy;
			containerPortal = BEBC6E642927FC24004E25A0 /* Project object */;
			proxyType = 1;
			remoteGlobalIDString = BEBC6E7B2927FC55004E25A0;
			remoteInfo = DogSwift;
		};
		BEBC6EC92927FF64004E25A0 /* PBXContainerItemProxy */ = {
			isa = PBXContainerItemProxy;
			containerPortal = BEBC6E642927FC24004E25A0 /* Project object */;
			proxyType = 1;
			remoteGlobalIDString = BEBC6E872927FC6C004E25A0;
			remoteInfo = CatObjC;
		};
/* End PBXContainerItemProxy section */

/* Begin PBXCopyFilesBuildPhase section */
		BEBC6EC62927FF5B004E25A0 /* Embed Frameworks */ = {
			isa = PBXCopyFilesBuildPhase;
			buildActionMask = 2147483647;
			dstPath = "";
			dstSubfolderSpec = 10;
			files = (
				BEBC6EC32927FF5B004E25A0 /* DogSwift.framework in Embed Frameworks */,
			);
			name = "Embed Frameworks";
			runOnlyForDeploymentPostprocessing = 0;
		};
		BEBC6ECB2927FF64004E25A0 /* Embed Frameworks */ = {
			isa = PBXCopyFilesBuildPhase;
			buildActionMask = 2147483647;
			dstPath = "";
			dstSubfolderSpec = 10;
			files = (
				BEBC6EC82927FF64004E25A0 /* CatObjC.framework in Embed Frameworks */,
			);
			name = "Embed Frameworks";
			runOnlyForDeploymentPostprocessing = 0;
		};
/* End PBXCopyFilesBuildPhase section */

/* Begin PBXFileReference section */
		BEBC6E7C2927FC55004E25A0 /* DogSwift.framework */ = {isa = PBXFileReference; explicitFileType = wrapper.framework; includeInIndex = 0; path = DogSwift.framework; sourceTree = BUILT_PRODUCTS_DIR; };
		BEBC6E882927FC6C004E25A0 /* CatObjC.framework */ = {isa = PBXFileReference; explicitFileType = wrapper.framework; includeInIndex = 0; path = CatObjC.framework; sourceTree = BUILT_PRODUCTS_DIR; };
		BEBC6E8A2927FC6C004E25A0 /* CatObjC.h */ = {isa = PBXFileReference; lastKnownFileType = sourcecode.c.h; path = CatObjC.h; sourceTree = "<group>"; };
		BEBC6E942927FC85004E25A0 /* HouseSwift.framework */ = {isa = PBXFileReference; explicitFileType = wrapper.framework; includeInIndex = 0; path = HouseSwift.framework; sourceTree = BUILT_PRODUCTS_DIR; };
		BEBC6E962927FC85004E25A0 /* TestingInteroperability.h */ = {isa = PBXFileReference; lastKnownFileType = sourcecode.c.h; path = TestingInteroperability.h; sourceTree = "<group>"; };
		BEBC6E9B2927FCCD004E25A0 /* Dog.swift */ = {isa = PBXFileReference; lastKnownFileType = sourcecode.swift; path = Dog.swift; sourceTree = "<group>"; };
		BEBC6EBD2927FE11004E25A0 /* Cat.m */ = {isa = PBXFileReference; lastKnownFileType = sourcecode.c.objc; path = Cat.m; sourceTree = "<group>"; };
		BEBC6EBF2927FF13004E25A0 /* Cat.h */ = {isa = PBXFileReference; lastKnownFileType = sourcecode.c.h; path = Cat.h; sourceTree = "<group>"; };
		BEBC6ECC292800C2004E25A0 /* House.swift */ = {isa = PBXFileReference; lastKnownFileType = sourcecode.swift; path = House.swift; sourceTree = "<group>"; };
		BEBC6ED1292825D7004E25A0 /* Pugsley.h */ = {isa = PBXFileReference; lastKnownFileType = sourcecode.c.h; path = Pugsley.h; sourceTree = "<group>"; };
		BEBC6ED2292825D7004E25A0 /* Pugsley.m */ = {isa = PBXFileReference; lastKnownFileType = sourcecode.c.objc; path = Pugsley.m; sourceTree = "<group>"; };
/* End PBXFileReference section */

/* Begin PBXFrameworksBuildPhase section */
		BEBC6E792927FC55004E25A0 /* Frameworks */ = {
			isa = PBXFrameworksBuildPhase;
			buildActionMask = 2147483647;
			files = (
			);
			runOnlyForDeploymentPostprocessing = 0;
		};
		BEBC6E852927FC6C004E25A0 /* Frameworks */ = {
			isa = PBXFrameworksBuildPhase;
			buildActionMask = 2147483647;
			files = (
				BEBC6EC22927FF5B004E25A0 /* DogSwift.framework in Frameworks */,
			);
			runOnlyForDeploymentPostprocessing = 0;
		};
		BEBC6E912927FC85004E25A0 /* Frameworks */ = {
			isa = PBXFrameworksBuildPhase;
			buildActionMask = 2147483647;
			files = (
				BEBC6EC72927FF64004E25A0 /* CatObjC.framework in Frameworks */,
			);
			runOnlyForDeploymentPostprocessing = 0;
		};
/* End PBXFrameworksBuildPhase section */

/* Begin PBXGroup section */
		BEBC6E632927FC24004E25A0 = {
			isa = PBXGroup;
			children = (
				BEBC6ED02928128E004E25A0 /* Sources */,
				BEBC6E6E2927FC24004E25A0 /* Products */,
				BEBC6EC12927FF5B004E25A0 /* Frameworks */,
			);
			sourceTree = "<group>";
		};
		BEBC6E6E2927FC24004E25A0 /* Products */ = {
			isa = PBXGroup;
			children = (
				BEBC6E7C2927FC55004E25A0 /* DogSwift.framework */,
				BEBC6E882927FC6C004E25A0 /* CatObjC.framework */,
				BEBC6E942927FC85004E25A0 /* HouseSwift.framework */,
			);
			name = Products;
			sourceTree = "<group>";
		};
		BEBC6E7D2927FC55004E25A0 /* DogSwift */ = {
			isa = PBXGroup;
			children = (
				BEBC6E9B2927FCCD004E25A0 /* Dog.swift */,
			);
			path = DogSwift;
			sourceTree = "<group>";
		};
		BEBC6E892927FC6C004E25A0 /* CatObjC */ = {
			isa = PBXGroup;
			children = (
				BEBC6EBD2927FE11004E25A0 /* Cat.m */,
				BEBC6ED2292825D7004E25A0 /* Pugsley.m */,
				BEBC6ECE29281161004E25A0 /* Public */,
			);
			path = CatObjC;
			sourceTree = "<group>";
		};
		BEBC6E952927FC85004E25A0 /* HouseSwift */ = {
			isa = PBXGroup;
			children = (
				BEBC6E962927FC85004E25A0 /* TestingInteroperability.h */,
				BEBC6ECC292800C2004E25A0 /* House.swift */,
			);
			path = HouseSwift;
			sourceTree = "<group>";
		};
		BEBC6EC12927FF5B004E25A0 /* Frameworks */ = {
			isa = PBXGroup;
			children = (
			);
			name = Frameworks;
			sourceTree = "<group>";
		};
		BEBC6ECE29281161004E25A0 /* Public */ = {
			isa = PBXGroup;
			children = (
				BEBC6ECF2928116C004E25A0 /* CatObjC */,
			);
			path = Public;
			sourceTree = "<group>";
		};
		BEBC6ECF2928116C004E25A0 /* CatObjC */ = {
			isa = PBXGroup;
			children = (
				BEBC6E8A2927FC6C004E25A0 /* CatObjC.h */,
				BEBC6ED1292825D7004E25A0 /* Pugsley.h */,
				BEBC6EBF2927FF13004E25A0 /* Cat.h */,
			);
			path = CatObjC;
			sourceTree = "<group>";
		};
		BEBC6ED02928128E004E25A0 /* Sources */ = {
			isa = PBXGroup;
			children = (
				BEBC6E892927FC6C004E25A0 /* CatObjC */,
				BEBC6E7D2927FC55004E25A0 /* DogSwift */,
				BEBC6E952927FC85004E25A0 /* HouseSwift */,
			);
			path = Sources;
			sourceTree = "<group>";
		};
/* End PBXGroup section */

/* Begin PBXHeadersBuildPhase section */
		BEBC6E772927FC55004E25A0 /* Headers */ = {
			isa = PBXHeadersBuildPhase;
			buildActionMask = 2147483647;
			files = (
			);
			runOnlyForDeploymentPostprocessing = 0;
		};
		BEBC6E832927FC6C004E25A0 /* Headers */ = {
			isa = PBXHeadersBuildPhase;
			buildActionMask = 2147483647;
			files = (
				BEBC6E8B2927FC6C004E25A0 /* CatObjC.h in Headers */,
				BEBC6ED3292825D7004E25A0 /* Pugsley.h in Headers */,
				BEBC6EC02927FF13004E25A0 /* Cat.h in Headers */,
			);
			runOnlyForDeploymentPostprocessing = 0;
		};
		BEBC6E8F2927FC85004E25A0 /* Headers */ = {
			isa = PBXHeadersBuildPhase;
			buildActionMask = 2147483647;
			files = (
				BEBC6E972927FC85004E25A0 /* TestingInteroperability.h in Headers */,
			);
			runOnlyForDeploymentPostprocessing = 0;
		};
/* End PBXHeadersBuildPhase section */

/* Begin PBXNativeTarget section */
		BEBC6E7B2927FC55004E25A0 /* DogSwift */ = {
			isa = PBXNativeTarget;
			buildConfigurationList = BEBC6E802927FC56004E25A0 /* Build configuration list for PBXNativeTarget "DogSwift" */;
			buildPhases = (
				BEBC6E772927FC55004E25A0 /* Headers */,
				BEBC6E782927FC55004E25A0 /* Sources */,
				BEBC6E792927FC55004E25A0 /* Frameworks */,
				BEBC6E7A2927FC55004E25A0 /* Resources */,
			);
			buildRules = (
			);
			dependencies = (
			);
			name = DogSwift;
			productName = DogSwift;
			productReference = BEBC6E7C2927FC55004E25A0 /* DogSwift.framework */;
			productType = "com.apple.product-type.framework";
		};
		BEBC6E872927FC6C004E25A0 /* CatObjC */ = {
			isa = PBXNativeTarget;
			buildConfigurationList = BEBC6E8C2927FC6C004E25A0 /* Build configuration list for PBXNativeTarget "CatObjC" */;
			buildPhases = (
				BEBC6E832927FC6C004E25A0 /* Headers */,
				BEBC6E842927FC6C004E25A0 /* Sources */,
				BEBC6E852927FC6C004E25A0 /* Frameworks */,
				BEBC6E862927FC6C004E25A0 /* Resources */,
				BEBC6EC62927FF5B004E25A0 /* Embed Frameworks */,
			);
			buildRules = (
			);
			dependencies = (
				BEBC6EC52927FF5B004E25A0 /* PBXTargetDependency */,
			);
			name = CatObjC;
			productName = CatObjC;
			productReference = BEBC6E882927FC6C004E25A0 /* CatObjC.framework */;
			productType = "com.apple.product-type.framework";
		};
		BEBC6E932927FC85004E25A0 /* HouseSwift */ = {
			isa = PBXNativeTarget;
			buildConfigurationList = BEBC6E982927FC85004E25A0 /* Build configuration list for PBXNativeTarget "HouseSwift" */;
			buildPhases = (
				BEBC6E8F2927FC85004E25A0 /* Headers */,
				BEBC6E902927FC85004E25A0 /* Sources */,
				BEBC6E912927FC85004E25A0 /* Frameworks */,
				BEBC6E922927FC85004E25A0 /* Resources */,
				BEBC6ECB2927FF64004E25A0 /* Embed Frameworks */,
			);
			buildRules = (
			);
			dependencies = (
				BEBC6ECA2927FF64004E25A0 /* PBXTargetDependency */,
			);
			name = HouseSwift;
			productName = HouseSwift;
			productReference = BEBC6E942927FC85004E25A0 /* HouseSwift.framework */;
			productType = "com.apple.product-type.framework";
		};
/* End PBXNativeTarget section */

/* Begin PBXProject section */
		BEBC6E642927FC24004E25A0 /* Project object */ = {
			isa = PBXProject;
			attributes = {
				BuildIndependentTargetsInParallel = 1;
				LastUpgradeCheck = 1410;
				TargetAttributes = {
					BEBC6E7B2927FC55004E25A0 = {
						CreatedOnToolsVersion = 14.1;
						LastSwiftMigration = 1410;
					};
					BEBC6E872927FC6C004E25A0 = {
						CreatedOnToolsVersion = 14.1;
					};
					BEBC6E932927FC85004E25A0 = {
						CreatedOnToolsVersion = 14.1;
						LastSwiftMigration = 1410;
					};
				};
			};
			buildConfigurationList = BEBC6E672927FC24004E25A0 /* Build configuration list for PBXProject "TestingInteroperability" */;
			compatibilityVersion = "Xcode 14.0";
			developmentRegion = en;
			hasScannedForEncodings = 0;
			knownRegions = (
				en,
				Base,
			);
			mainGroup = BEBC6E632927FC24004E25A0;
			productRefGroup = BEBC6E6E2927FC24004E25A0 /* Products */;
			projectDirPath = "";
			projectRoot = "";
			targets = (
				BEBC6E7B2927FC55004E25A0 /* DogSwift */,
				BEBC6E872927FC6C004E25A0 /* CatObjC */,
				BEBC6E932927FC85004E25A0 /* HouseSwift */,
			);
		};
/* End PBXProject section */

/* Begin PBXResourcesBuildPhase section */
		BEBC6E7A2927FC55004E25A0 /* Resources */ = {
			isa = PBXResourcesBuildPhase;
			buildActionMask = 2147483647;
			files = (
			);
			runOnlyForDeploymentPostprocessing = 0;
		};
		BEBC6E862927FC6C004E25A0 /* Resources */ = {
			isa = PBXResourcesBuildPhase;
			buildActionMask = 2147483647;
			files = (
			);
			runOnlyForDeploymentPostprocessing = 0;
		};
		BEBC6E922927FC85004E25A0 /* Resources */ = {
			isa = PBXResourcesBuildPhase;
			buildActionMask = 2147483647;
			files = (
			);
			runOnlyForDeploymentPostprocessing = 0;
		};
/* End PBXResourcesBuildPhase section */

/* Begin PBXSourcesBuildPhase section */
		BEBC6E782927FC55004E25A0 /* Sources */ = {
			isa = PBXSourcesBuildPhase;
			buildActionMask = 2147483647;
			files = (
				BEBC6E9C2927FCCD004E25A0 /* Dog.swift in Sources */,
			);
			runOnlyForDeploymentPostprocessing = 0;
		};
		BEBC6E842927FC6C004E25A0 /* Sources */ = {
			isa = PBXSourcesBuildPhase;
			buildActionMask = 2147483647;
			files = (
				BEBC6ED4292825D7004E25A0 /* Pugsley.m in Sources */,
				BEBC6EBE2927FE11004E25A0 /* Cat.m in Sources */,
			);
			runOnlyForDeploymentPostprocessing = 0;
		};
		BEBC6E902927FC85004E25A0 /* Sources */ = {
			isa = PBXSourcesBuildPhase;
			buildActionMask = 2147483647;
			files = (
				BEBC6ECD292800C2004E25A0 /* House.swift in Sources */,
			);
			runOnlyForDeploymentPostprocessing = 0;
		};
/* End PBXSourcesBuildPhase section */

/* Begin PBXTargetDependency section */
		BEBC6EC52927FF5B004E25A0 /* PBXTargetDependency */ = {
			isa = PBXTargetDependency;
			target = BEBC6E7B2927FC55004E25A0 /* DogSwift */;
			targetProxy = BEBC6EC42927FF5B004E25A0 /* PBXContainerItemProxy */;
		};
		BEBC6ECA2927FF64004E25A0 /* PBXTargetDependency */ = {
			isa = PBXTargetDependency;
			target = BEBC6E872927FC6C004E25A0 /* CatObjC */;
			targetProxy = BEBC6EC92927FF64004E25A0 /* PBXContainerItemProxy */;
		};
/* End PBXTargetDependency section */

/* Begin XCBuildConfiguration section */
		BEBC6E722927FC24004E25A0 /* Debug */ = {
			isa = XCBuildConfiguration;
			buildSettings = {
				ALWAYS_SEARCH_USER_PATHS = NO;
				CLANG_ANALYZER_NONNULL = YES;
				CLANG_ANALYZER_NUMBER_OBJECT_CONVERSION = YES_AGGRESSIVE;
				CLANG_CXX_LANGUAGE_STANDARD = "gnu++20";
				CLANG_ENABLE_MODULES = YES;
				CLANG_ENABLE_OBJC_ARC = YES;
				CLANG_ENABLE_OBJC_WEAK = YES;
				CLANG_WARN_BLOCK_CAPTURE_AUTORELEASING = YES;
				CLANG_WARN_BOOL_CONVERSION = YES;
				CLANG_WARN_COMMA = YES;
				CLANG_WARN_CONSTANT_CONVERSION = YES;
				CLANG_WARN_DEPRECATED_OBJC_IMPLEMENTATIONS = YES;
				CLANG_WARN_DIRECT_OBJC_ISA_USAGE = YES_ERROR;
				CLANG_WARN_DOCUMENTATION_COMMENTS = YES;
				CLANG_WARN_EMPTY_BODY = YES;
				CLANG_WARN_ENUM_CONVERSION = YES;
				CLANG_WARN_INFINITE_RECURSION = YES;
				CLANG_WARN_INT_CONVERSION = YES;
				CLANG_WARN_NON_LITERAL_NULL_CONVERSION = YES;
				CLANG_WARN_OBJC_IMPLICIT_RETAIN_SELF = YES;
				CLANG_WARN_OBJC_LITERAL_CONVERSION = YES;
				CLANG_WARN_OBJC_ROOT_CLASS = YES_ERROR;
				CLANG_WARN_QUOTED_INCLUDE_IN_FRAMEWORK_HEADER = YES;
				CLANG_WARN_RANGE_LOOP_ANALYSIS = YES;
				CLANG_WARN_STRICT_PROTOTYPES = YES;
				CLANG_WARN_SUSPICIOUS_MOVE = YES;
				CLANG_WARN_UNGUARDED_AVAILABILITY = YES_AGGRESSIVE;
				CLANG_WARN_UNREACHABLE_CODE = YES;
				CLANG_WARN__DUPLICATE_METHOD_MATCH = YES;
				COPY_PHASE_STRIP = NO;
				CURRENT_PROJECT_VERSION = 1;
				DEBUG_INFORMATION_FORMAT = dwarf;
				ENABLE_STRICT_OBJC_MSGSEND = YES;
				ENABLE_TESTABILITY = YES;
				GCC_C_LANGUAGE_STANDARD = gnu11;
				GCC_DYNAMIC_NO_PIC = NO;
				GCC_NO_COMMON_BLOCKS = YES;
				GCC_OPTIMIZATION_LEVEL = 0;
				GCC_PREPROCESSOR_DEFINITIONS = (
					"DEBUG=1",
					"$(inherited)",
				);
				GCC_WARN_64_TO_32_BIT_CONVERSION = YES;
				GCC_WARN_ABOUT_RETURN_TYPE = YES_ERROR;
				GCC_WARN_UNDECLARED_SELECTOR = YES;
				GCC_WARN_UNINITIALIZED_AUTOS = YES_AGGRESSIVE;
				GCC_WARN_UNUSED_FUNCTION = YES;
				GCC_WARN_UNUSED_VARIABLE = YES;
				IPHONEOS_DEPLOYMENT_TARGET = 16.1;
				MTL_ENABLE_DEBUG_INFO = INCLUDE_SOURCE;
				MTL_FAST_MATH = YES;
				ONLY_ACTIVE_ARCH = YES;
				SDKROOT = iphoneos;
				SWIFT_ACTIVE_COMPILATION_CONDITIONS = DEBUG;
				SWIFT_OPTIMIZATION_LEVEL = "-Onone";
				VERSIONING_SYSTEM = "apple-generic";
				VERSION_INFO_PREFIX = "";
			};
			name = Debug;
		};
		BEBC6E732927FC24004E25A0 /* Release */ = {
			isa = XCBuildConfiguration;
			buildSettings = {
				ALWAYS_SEARCH_USER_PATHS = NO;
				CLANG_ANALYZER_NONNULL = YES;
				CLANG_ANALYZER_NUMBER_OBJECT_CONVERSION = YES_AGGRESSIVE;
				CLANG_CXX_LANGUAGE_STANDARD = "gnu++20";
				CLANG_ENABLE_MODULES = YES;
				CLANG_ENABLE_OBJC_ARC = YES;
				CLANG_ENABLE_OBJC_WEAK = YES;
				CLANG_WARN_BLOCK_CAPTURE_AUTORELEASING = YES;
				CLANG_WARN_BOOL_CONVERSION = YES;
				CLANG_WARN_COMMA = YES;
				CLANG_WARN_CONSTANT_CONVERSION = YES;
				CLANG_WARN_DEPRECATED_OBJC_IMPLEMENTATIONS = YES;
				CLANG_WARN_DIRECT_OBJC_ISA_USAGE = YES_ERROR;
				CLANG_WARN_DOCUMENTATION_COMMENTS = YES;
				CLANG_WARN_EMPTY_BODY = YES;
				CLANG_WARN_ENUM_CONVERSION = YES;
				CLANG_WARN_INFINITE_RECURSION = YES;
				CLANG_WARN_INT_CONVERSION = YES;
				CLANG_WARN_NON_LITERAL_NULL_CONVERSION = YES;
				CLANG_WARN_OBJC_IMPLICIT_RETAIN_SELF = YES;
				CLANG_WARN_OBJC_LITERAL_CONVERSION = YES;
				CLANG_WARN_OBJC_ROOT_CLASS = YES_ERROR;
				CLANG_WARN_QUOTED_INCLUDE_IN_FRAMEWORK_HEADER = YES;
				CLANG_WARN_RANGE_LOOP_ANALYSIS = YES;
				CLANG_WARN_STRICT_PROTOTYPES = YES;
				CLANG_WARN_SUSPICIOUS_MOVE = YES;
				CLANG_WARN_UNGUARDED_AVAILABILITY = YES_AGGRESSIVE;
				CLANG_WARN_UNREACHABLE_CODE = YES;
				CLANG_WARN__DUPLICATE_METHOD_MATCH = YES;
				COPY_PHASE_STRIP = NO;
				CURRENT_PROJECT_VERSION = 1;
				DEBUG_INFORMATION_FORMAT = "dwarf-with-dsym";
				ENABLE_NS_ASSERTIONS = NO;
				ENABLE_STRICT_OBJC_MSGSEND = YES;
				GCC_C_LANGUAGE_STANDARD = gnu11;
				GCC_NO_COMMON_BLOCKS = YES;
				GCC_WARN_64_TO_32_BIT_CONVERSION = YES;
				GCC_WARN_ABOUT_RETURN_TYPE = YES_ERROR;
				GCC_WARN_UNDECLARED_SELECTOR = YES;
				GCC_WARN_UNINITIALIZED_AUTOS = YES_AGGRESSIVE;
				GCC_WARN_UNUSED_FUNCTION = YES;
				GCC_WARN_UNUSED_VARIABLE = YES;
				IPHONEOS_DEPLOYMENT_TARGET = 16.1;
				MTL_ENABLE_DEBUG_INFO = NO;
				MTL_FAST_MATH = YES;
				SDKROOT = iphoneos;
				SWIFT_COMPILATION_MODE = wholemodule;
				SWIFT_OPTIMIZATION_LEVEL = "-O";
				VALIDATE_PRODUCT = YES;
				VERSIONING_SYSTEM = "apple-generic";
				VERSION_INFO_PREFIX = "";
			};
			name = Release;
		};
		BEBC6E812927FC56004E25A0 /* Debug */ = {
			isa = XCBuildConfiguration;
			buildSettings = {
				CLANG_ENABLE_MODULES = YES;
				CODE_SIGN_STYLE = Automatic;
				CURRENT_PROJECT_VERSION = 1;
				DEFINES_MODULE = YES;
				DEVELOPMENT_TEAM = A82D4LURDA;
				DYLIB_COMPATIBILITY_VERSION = 1;
				DYLIB_CURRENT_VERSION = 1;
				DYLIB_INSTALL_NAME_BASE = "@rpath";
				GENERATE_INFOPLIST_FILE = YES;
				INFOPLIST_KEY_NSHumanReadableCopyright = "";
				INSTALL_PATH = "$(LOCAL_LIBRARY_DIR)/Frameworks";
				LD_RUNPATH_SEARCH_PATHS = (
					"$(inherited)",
					"@executable_path/Frameworks",
					"@loader_path/Frameworks",
				);
				MARKETING_VERSION = 1.0;
				PRODUCT_BUNDLE_IDENTIFIER = com.braintreepayments.DogSwift;
				PRODUCT_NAME = "$(TARGET_NAME:c99extidentifier)";
				SKIP_INSTALL = YES;
				SWIFT_EMIT_LOC_STRINGS = YES;
				SWIFT_OPTIMIZATION_LEVEL = "-Onone";
				SWIFT_VERSION = 5.0;
				TARGETED_DEVICE_FAMILY = "1,2";
			};
			name = Debug;
		};
		BEBC6E822927FC56004E25A0 /* Release */ = {
			isa = XCBuildConfiguration;
			buildSettings = {
				CLANG_ENABLE_MODULES = YES;
				CODE_SIGN_STYLE = Automatic;
				CURRENT_PROJECT_VERSION = 1;
				DEFINES_MODULE = YES;
				DEVELOPMENT_TEAM = A82D4LURDA;
				DYLIB_COMPATIBILITY_VERSION = 1;
				DYLIB_CURRENT_VERSION = 1;
				DYLIB_INSTALL_NAME_BASE = "@rpath";
				GENERATE_INFOPLIST_FILE = YES;
				INFOPLIST_KEY_NSHumanReadableCopyright = "";
				INSTALL_PATH = "$(LOCAL_LIBRARY_DIR)/Frameworks";
				LD_RUNPATH_SEARCH_PATHS = (
					"$(inherited)",
					"@executable_path/Frameworks",
					"@loader_path/Frameworks",
				);
				MARKETING_VERSION = 1.0;
				PRODUCT_BUNDLE_IDENTIFIER = com.braintreepayments.DogSwift;
				PRODUCT_NAME = "$(TARGET_NAME:c99extidentifier)";
				SKIP_INSTALL = YES;
				SWIFT_EMIT_LOC_STRINGS = YES;
				SWIFT_VERSION = 5.0;
				TARGETED_DEVICE_FAMILY = "1,2";
			};
			name = Release;
		};
		BEBC6E8D2927FC6C004E25A0 /* Debug */ = {
			isa = XCBuildConfiguration;
			buildSettings = {
				CODE_SIGN_STYLE = Automatic;
				CURRENT_PROJECT_VERSION = 1;
				DEFINES_MODULE = YES;
				DEVELOPMENT_TEAM = A82D4LURDA;
				DYLIB_COMPATIBILITY_VERSION = 1;
				DYLIB_CURRENT_VERSION = 1;
				DYLIB_INSTALL_NAME_BASE = "@rpath";
				GENERATE_INFOPLIST_FILE = YES;
				INFOPLIST_KEY_NSHumanReadableCopyright = "";
				INSTALL_PATH = "$(LOCAL_LIBRARY_DIR)/Frameworks";
				LD_RUNPATH_SEARCH_PATHS = (
					"$(inherited)",
					"@executable_path/Frameworks",
					"@loader_path/Frameworks",
				);
				MARKETING_VERSION = 1.0;
				PRODUCT_BUNDLE_IDENTIFIER = com.braintreepayments.CatObjC;
				PRODUCT_NAME = "$(TARGET_NAME:c99extidentifier)";
				SKIP_INSTALL = YES;
				SWIFT_EMIT_LOC_STRINGS = YES;
				TARGETED_DEVICE_FAMILY = "1,2";
			};
			name = Debug;
		};
		BEBC6E8E2927FC6C004E25A0 /* Release */ = {
			isa = XCBuildConfiguration;
			buildSettings = {
				CODE_SIGN_STYLE = Automatic;
				CURRENT_PROJECT_VERSION = 1;
				DEFINES_MODULE = YES;
				DEVELOPMENT_TEAM = A82D4LURDA;
				DYLIB_COMPATIBILITY_VERSION = 1;
				DYLIB_CURRENT_VERSION = 1;
				DYLIB_INSTALL_NAME_BASE = "@rpath";
				GENERATE_INFOPLIST_FILE = YES;
				INFOPLIST_KEY_NSHumanReadableCopyright = "";
				INSTALL_PATH = "$(LOCAL_LIBRARY_DIR)/Frameworks";
				LD_RUNPATH_SEARCH_PATHS = (
					"$(inherited)",
					"@executable_path/Frameworks",
					"@loader_path/Frameworks",
				);
				MARKETING_VERSION = 1.0;
				PRODUCT_BUNDLE_IDENTIFIER = com.braintreepayments.CatObjC;
				PRODUCT_NAME = "$(TARGET_NAME:c99extidentifier)";
				SKIP_INSTALL = YES;
				SWIFT_EMIT_LOC_STRINGS = YES;
				TARGETED_DEVICE_FAMILY = "1,2";
			};
			name = Release;
		};
		BEBC6E992927FC85004E25A0 /* Debug */ = {
			isa = XCBuildConfiguration;
			buildSettings = {
				CLANG_ENABLE_MODULES = YES;
				CODE_SIGN_STYLE = Automatic;
				CURRENT_PROJECT_VERSION = 1;
				DEFINES_MODULE = YES;
				DEVELOPMENT_TEAM = A82D4LURDA;
				DYLIB_COMPATIBILITY_VERSION = 1;
				DYLIB_CURRENT_VERSION = 1;
				DYLIB_INSTALL_NAME_BASE = "@rpath";
				GENERATE_INFOPLIST_FILE = YES;
				INFOPLIST_KEY_NSHumanReadableCopyright = "";
				INSTALL_PATH = "$(LOCAL_LIBRARY_DIR)/Frameworks";
				LD_RUNPATH_SEARCH_PATHS = (
					"$(inherited)",
					"@executable_path/Frameworks",
					"@loader_path/Frameworks",
				);
				MARKETING_VERSION = 1.0;
				PRODUCT_BUNDLE_IDENTIFIER = com.braintreepayments.HouseSwift;
				PRODUCT_NAME = "$(TARGET_NAME:c99extidentifier)";
				SKIP_INSTALL = YES;
				SWIFT_EMIT_LOC_STRINGS = YES;
				SWIFT_OPTIMIZATION_LEVEL = "-Onone";
				SWIFT_VERSION = 5.0;
				TARGETED_DEVICE_FAMILY = "1,2";
			};
			name = Debug;
		};
		BEBC6E9A2927FC85004E25A0 /* Release */ = {
			isa = XCBuildConfiguration;
			buildSettings = {
				CLANG_ENABLE_MODULES = YES;
				CODE_SIGN_STYLE = Automatic;
				CURRENT_PROJECT_VERSION = 1;
				DEFINES_MODULE = YES;
				DEVELOPMENT_TEAM = A82D4LURDA;
				DYLIB_COMPATIBILITY_VERSION = 1;
				DYLIB_CURRENT_VERSION = 1;
				DYLIB_INSTALL_NAME_BASE = "@rpath";
				GENERATE_INFOPLIST_FILE = YES;
				INFOPLIST_KEY_NSHumanReadableCopyright = "";
				INSTALL_PATH = "$(LOCAL_LIBRARY_DIR)/Frameworks";
				LD_RUNPATH_SEARCH_PATHS = (
					"$(inherited)",
					"@executable_path/Frameworks",
					"@loader_path/Frameworks",
				);
				MARKETING_VERSION = 1.0;
				PRODUCT_BUNDLE_IDENTIFIER = com.braintreepayments.HouseSwift;
				PRODUCT_NAME = "$(TARGET_NAME:c99extidentifier)";
				SKIP_INSTALL = YES;
				SWIFT_EMIT_LOC_STRINGS = YES;
				SWIFT_VERSION = 5.0;
				TARGETED_DEVICE_FAMILY = "1,2";
			};
			name = Release;
		};
/* End XCBuildConfiguration section */

/* Begin XCConfigurationList section */
		BEBC6E672927FC24004E25A0 /* Build configuration list for PBXProject "TestingInteroperability" */ = {
			isa = XCConfigurationList;
			buildConfigurations = (
				BEBC6E722927FC24004E25A0 /* Debug */,
				BEBC6E732927FC24004E25A0 /* Release */,
			);
			defaultConfigurationIsVisible = 0;
			defaultConfigurationName = Release;
		};
		BEBC6E802927FC56004E25A0 /* Build configuration list for PBXNativeTarget "DogSwift" */ = {
			isa = XCConfigurationList;
			buildConfigurations = (
				BEBC6E812927FC56004E25A0 /* Debug */,
				BEBC6E822927FC56004E25A0 /* Release */,
			);
			defaultConfigurationIsVisible = 0;
			defaultConfigurationName = Release;
		};
		BEBC6E8C2927FC6C004E25A0 /* Build configuration list for PBXNativeTarget "CatObjC" */ = {
			isa = XCConfigurationList;
			buildConfigurations = (
				BEBC6E8D2927FC6C004E25A0 /* Debug */,
				BEBC6E8E2927FC6C004E25A0 /* Release */,
			);
			defaultConfigurationIsVisible = 0;
			defaultConfigurationName = Release;
		};
		BEBC6E982927FC85004E25A0 /* Build configuration list for PBXNativeTarget "HouseSwift" */ = {
			isa = XCConfigurationList;
			buildConfigurations = (
				BEBC6E992927FC85004E25A0 /* Debug */,
				BEBC6E9A2927FC85004E25A0 /* Release */,
			);
			defaultConfigurationIsVisible = 0;
			defaultConfigurationName = Release;
		};
/* End XCConfigurationList section */
	};
	rootObject = BEBC6E642927FC24004E25A0 /* Project object */;
}
